
Microsoft Visual Studio Solution File, Format Version 12.00
# Visual Studio Version 17
VisualStudioVersion = 17.2.32602.215
MinimumVisualStudioVersion = 10.0.40219.1
Project("{FAE04EC0-301F-11D3-BF4B-00C04F79EFBC}") = "Manage", "Console App\Manage.csproj", "{99D97413-0096-4587-901A-871AFD4F36DB}"
EndProject
Project("{FAE04EC0-301F-11D3-BF4B-00C04F79EFBC}") = "Core", "Core\Core.csproj", "{B11A8677-0BEA-4B49-882C-29D2A8C97504}"
EndProject
Project("{FAE04EC0-301F-11D3-BF4B-00C04F79EFBC}") = "DataAccess", "DataAccess\DataAccess.csproj", "{D3DCAC23-CF65-4526-92FB-2FE4FCFA7740}"
EndProject
Global
	GlobalSection(SolutionConfigurationPlatforms) = preSolution
		Debug|Any CPU = Debug|Any CPU
		Release|Any CPU = Release|Any CPU
	EndGlobalSection
	GlobalSection(ProjectConfigurationPlatforms) = postSolution
		{99D97413-0096-4587-901A-871AFD4F36DB}.Debug|Any CPU.ActiveCfg = Debug|Any CPU
		{99D97413-0096-4587-901A-871AFD4F36DB}.Debug|Any CPU.Build.0 = Debug|Any CPU
		{99D97413-0096-4587-901A-871AFD4F36DB}.Release|Any CPU.ActiveCfg = Release|Any CPU
		{99D97413-0096-4587-901A-871AFD4F36DB}.Release|Any CPU.Build.0 = Release|Any CPU
		{B11A8677-0BEA-4B49-882C-29D2A8C97504}.Debug|Any CPU.ActiveCfg = Debug|Any CPU
		{B11A8677-0BEA-4B49-882C-29D2A8C97504}.Debug|Any CPU.Build.0 = Debug|Any CPU
		{B11A8677-0BEA-4B49-882C-29D2A8C97504}.Release|Any CPU.ActiveCfg = Release|Any CPU
		{B11A8677-0BEA-4B49-882C-29D2A8C97504}.Release|Any CPU.Build.0 = Release|Any CPU
		{D3DCAC23-CF65-4526-92FB-2FE4FCFA7740}.Debug|Any CPU.ActiveCfg = Debug|Any CPU
		{D3DCAC23-CF65-4526-92FB-2FE4FCFA7740}.Debug|Any CPU.Build.0 = Debug|Any CPU
		{D3DCAC23-CF65-4526-92FB-2FE4FCFA7740}.Release|Any CPU.ActiveCfg = Release|Any CPU
		{D3DCAC23-CF65-4526-92FB-2FE4FCFA7740}.Release|Any CPU.Build.0 = Release|Any CPU
	EndGlobalSection
	GlobalSection(SolutionProperties) = preSolution
		HideSolutionNode = FALSE
	EndGlobalSection
	GlobalSection(ExtensibilityGlobals) = postSolution
		SolutionGuid = {51F896F1-E92E-404D-B87A-E3F096703DF9}
	EndGlobalSection
EndGlobal
